<?xml version="1.0" encoding="utf-8"?>
<Project ToolsVersion="4.0" xmlns="http://schemas.microsoft.com/developer/msbuild/2003">
  <ItemGroup>
    <Filter Include="Dark">
      <UniqueIdentifier>{0705847C-F33B-850D-9C28-6B10883E010F}</UniqueIdentifier>
    </Filter>
    <Filter Include="Dark\Events">
      <UniqueIdentifier>{0BE36E4A-7798-E73F-008D-E1166C41DE43}</UniqueIdentifier>
    </Filter>
    <Filter Include="Dark\ImGui">
      <UniqueIdentifier>{71E39340-5D9B-D58D-C6A2-AEE9B279707E}</UniqueIdentifier>
    </Filter>
    <Filter Include="Dark\Renderer">
      <UniqueIdentifier>{8DE0AE98-F9A0-2ACF-C2DB-734C2E5B6FAB}</UniqueIdentifier>
    </Filter>
    <Filter Include="Platform">
      <UniqueIdentifier>{2AC788B4-1694-E3BF-3FAD-D1672BD9184E}</UniqueIdentifier>
    </Filter>
    <Filter Include="Platform\OpenGL">
      <UniqueIdentifier>{1E7D2C1D-8A08-9AE1-9319-1DD6FF23F6E1}</UniqueIdentifier>
    </Filter>
    <Filter Include="Platform\Windows">
      <UniqueIdentifier>{64FBD71A-50F4-F66C-7926-DCF1657ED678}</UniqueIdentifier>
    </Filter>
  </ItemGroup>
  <ItemGroup>
    <ClInclude Include="src\Dark.h" />
    <ClInclude Include="src\Dark\Application.h">
      <Filter>Dark</Filter>
    </ClInclude>
    <ClInclude Include="src\Dark\Core.h">
      <Filter>Dark</Filter>
    </ClInclude>
    <ClInclude Include="src\Dark\EntryPoint.h">
      <Filter>Dark</Filter>
    </ClInclude>
    <ClInclude Include="src\Dark\Events\ApplicationEvent.h">
      <Filter>Dark\Events</Filter>
    </ClInclude>
    <ClInclude Include="src\Dark\Events\Event.h">
      <Filter>Dark\Events</Filter>
    </ClInclude>
    <ClInclude Include="src\Dark\Events\KeyEvent.h">
      <Filter>Dark\Events</Filter>
    </ClInclude>
    <ClInclude Include="src\Dark\Events\MouseEvent.h">
      <Filter>Dark\Events</Filter>
    </ClInclude>
    <ClInclude Include="src\Dark\GamePadCodes.h">
      <Filter>Dark</Filter>
    </ClInclude>
    <ClInclude Include="src\Dark\ImGui\ImGuiLayer.h">
      <Filter>Dark\ImGui</Filter>
    </ClInclude>
    <ClInclude Include="src\Dark\Input.h">
      <Filter>Dark</Filter>
    </ClInclude>
    <ClInclude Include="src\Dark\JoyStickCodes.h">
      <Filter>Dark</Filter>
    </ClInclude>
    <ClInclude Include="src\Dark\KeyCodes.h">
      <Filter>Dark</Filter>
    </ClInclude>
    <ClInclude Include="src\Dark\Layer.h">
      <Filter>Dark</Filter>
    </ClInclude>
    <ClInclude Include="src\Dark\LayerStack.h">
      <Filter>Dark</Filter>
    </ClInclude>
    <ClInclude Include="src\Dark\Log.h">
      <Filter>Dark</Filter>
    </ClInclude>
    <ClInclude Include="src\Dark\MouseButtonCodes.h">
      <Filter>Dark</Filter>
    </ClInclude>
    <ClInclude Include="src\Dark\Renderer\GraphicsContext.h">
      <Filter>Dark\Renderer</Filter>
    </ClInclude>
    <ClInclude Include="src\Dark\Window.h">
      <Filter>Dark</Filter>
    </ClInclude>
    <ClInclude Include="src\Platform\OpenGL\OpenGLContext.h">
      <Filter>Platform\OpenGL</Filter>
    </ClInclude>
    <ClInclude Include="src\Platform\Windows\WindowsInput.h">
      <Filter>Platform\Windows</Filter>
    </ClInclude>
    <ClInclude Include="src\Platform\Windows\WindowsWindow.h">
      <Filter>Platform\Windows</Filter>
    </ClInclude>
    <ClInclude Include="src\dpch.h" />
    <ClInclude Include="src\Dark\Renderer\Shader.h" />
    <ClInclude Include="src\Dark\Renderer\Buffer.h" />
    <ClInclude Include="src\Platform\OpenGL\OpenGLBuffer.h" />
    <ClInclude Include="src\Dark\Renderer\Renderer.h" />
    <ClInclude Include="src\Dark\Renderer\VertexArray.h" />
    <ClInclude Include="src\Platform\OpenGL\OpenGLVertexArray.h" />
  </ItemGroup>
  <ItemGroup>
    <ClCompile Include="src\Dark\Application.cpp">
      <Filter>Dark</Filter>
    </ClCompile>
    <ClCompile Include="src\Dark\ImGui\ImGuiBuild.cpp">
      <Filter>Dark\ImGui</Filter>
    </ClCompile>
    <ClCompile Include="src\Dark\ImGui\ImGuiLayer.cpp">
      <Filter>Dark\ImGui</Filter>
    </ClCompile>
    <ClCompile Include="src\Dark\Input.cpp">
      <Filter>Dark</Filter>
    </ClCompile>
    <ClCompile Include="src\Dark\Layer.cpp">
      <Filter>Dark</Filter>
    </ClCompile>
    <ClCompile Include="src\Dark\LayerStack.cpp">
      <Filter>Dark</Filter>
    </ClCompile>
    <ClCompile Include="src\Dark\Log.cpp">
      <Filter>Dark</Filter>
    </ClCompile>
    <ClCompile Include="src\Platform\OpenGL\OpenGLContext.cpp">
      <Filter>Platform\OpenGL</Filter>
    </ClCompile>
    <ClCompile Include="src\Platform\Windows\WindowsInput.cpp">
      <Filter>Platform\Windows</Filter>
    </ClCompile>
    <ClCompile Include="src\Platform\Windows\WindowsWindow.cpp">
      <Filter>Platform\Windows</Filter>
    </ClCompile>
    <ClCompile Include="src\dpch.cpp" />
    <ClCompile Include="src\Dark\Renderer\Shader.cpp" />
    <ClCompile Include="src\Dark\Renderer\Buffer.cpp" />
    <ClCompile Include="src\Platform\OpenGL\OpenGLBuffer.cpp" />
    <ClCompile Include="src\Dark\Renderer\Renderer.cpp" />
    <ClCompile Include="src\Dark\Renderer\VertexArray.cpp" />
    <ClCompile Include="src\Platform\OpenGL\OpenGLVertexArray.cpp" />
  </ItemGroup>
</Project>